
Microsoft Visual Studio Solution File, Format Version 12.00
# Visual Studio Version 16
VisualStudioVersion = 16.0.32002.261
MinimumVisualStudioVersion = 10.0.40219.1
Project("{FAE04EC0-301F-11D3-BF4B-00C04F79EFBC}") = "Efforty", "Efforty\Efforty.csproj", "{48656344-1B70-4EE5-AD8D-EE1FBBC63821}"
EndProject
Global
	GlobalSection(SolutionConfigurationPlatforms) = preSolution
		Debug|Any CPU = Debug|Any CPU
		Release|Any CPU = Release|Any CPU
	EndGlobalSection
	GlobalSection(ProjectConfigurationPlatforms) = postSolution
		{48656344-1B70-4EE5-AD8D-EE1FBBC63821}.Debug|Any CPU.ActiveCfg = Debug|Any CPU
		{48656344-1B70-4EE5-AD8D-EE1FBBC63821}.Debug|Any CPU.Build.0 = Debug|Any CPU
		{48656344-1B70-4EE5-AD8D-EE1FBBC63821}.Release|Any CPU.ActiveCfg = Release|Any CPU
		{48656344-1B70-4EE5-AD8D-EE1FBBC63821}.Release|Any CPU.Build.0 = Release|Any CPU
	EndGlobalSection
	GlobalSection(SolutionProperties) = preSolution
		HideSolutionNode = FALSE
	EndGlobalSection
	GlobalSection(ExtensibilityGlobals) = postSolution
		SolutionGuid = {CB23AD91-40A7-430A-81A3-4D26C6418E72}
	EndGlobalSection
EndGlobal
